
Microsoft Visual Studio Solution File, Format Version 12.00
Project("{FAE04EC0-301F-11D3-BF4B-00C04F79EFBC}") = "Game.Domain", "Game.Domain\Game.Domain.csproj", "{D7284F42-833A-4145-BCD2-7D694EFC69DE}"
EndProject
Project("{FAE04EC0-301F-11D3-BF4B-00C04F79EFBC}") = "Game.Infrastructure.EfCore", "Game.Infrastructure.EfCore\Game.Infrastructure.EfCore.csproj", "{F0285B1A-87AA-40E0-99A7-D2521E994D32}"
EndProject
Project("{2150E333-8FDC-42A3-9474-1A3956D46DE8}") = "Solution Items", "Solution Items", "{9E01CDB6-D709-43D3-86FE-80E5D87C2522}"
	ProjectSection(SolutionItems) = preProject
		compose.yaml = compose.yaml
	EndProjectSection
EndProject
Project("{FAE04EC0-301F-11D3-BF4B-00C04F79EFBC}") = "Game.Tests", "Game.Tests\Game.Tests.csproj", "{C5B188A3-2099-4BE1-A03D-6D4F3A0C3512}"
EndProject
Project("{FAE04EC0-301F-11D3-BF4B-00C04F79EFBC}") = "Game.Application", "Game.Application\Game.Application.csproj", "{8568C636-F5FB-4AD6-BE0F-CB2D3E64A5CC}"
EndProject
Project("{FAE04EC0-301F-11D3-BF4B-00C04F79EFBC}") = "Game.Contracts", "Game.Contracts\Game.Contracts.csproj", "{B160BB69-BDA8-40DD-BD2D-CADDABE10288}"
EndProject
Project("{FAE04EC0-301F-11D3-BF4B-00C04F79EFBC}") = "Game.Infrastructure.Shared", "Game.Infrastructure.Shared\Game.Infrastructure.Shared.csproj", "{A2ED87C9-BB6F-442F-9CBA-D13B6CBC8F5A}"
EndProject
Project("{2150E333-8FDC-42A3-9474-1A3956D46DE8}") = "Infrastructure", "Infrastructure", "{62AB585C-E5C5-4683-B477-96A9ABD9359B}"
EndProject
Project("{FAE04EC0-301F-11D3-BF4B-00C04F79EFBC}") = "Game.Infrastructure.LiteNetLib", "Game.Infrastructure.LiteNetLib\Game.Infrastructure.LiteNetLib.csproj", "{EE0F000A-E058-43B3-847B-37E8130EF737}"
EndProject
Project("{FAE04EC0-301F-11D3-BF4B-00C04F79EFBC}") = "Game.Infrastructure.Serialization", "Game.Infrastructure.Serialization\Game.Infrastructure.Serialization.csproj", "{BD6219BA-FBB4-4FB1-9036-DDE0D0F3E1F9}"
EndProject
Project("{FAE04EC0-301F-11D3-BF4B-00C04F79EFBC}") = "Server.Host", "Server.Host\Server.Host.csproj", "{CE1A71B7-951A-45A3-8E23-C552CE5D1B1C}"
EndProject
Project("{FAE04EC0-301F-11D3-BF4B-00C04F79EFBC}") = "Game.Simulation", "Game.Simulation\Game.Simulation.csproj", "{CF383872-EC1B-47AC-90DE-EA972499C9B8}"
EndProject
Project("{FAE04EC0-301F-11D3-BF4B-00C04F79EFBC}") = "Game.Infrastructure.ArchECS", "Game.Infrastructure.ArchECS\Game.Infrastructure.ArchECS.csproj", "{099E8650-EA19-4D65-8C70-5A9332B1CBA7}"
EndProject
Project("{2150E333-8FDC-42A3-9474-1A3956D46DE8}") = "Tests", "Tests", "{E45E1D80-3EBC-4EDE-A826-66917EEF9EF9}"
EndProject
Project("{2150E333-8FDC-42A3-9474-1A3956D46DE8}") = "Core", "Core", "{ADA9B5CA-9B9B-415B-994A-6F8AB57B3862}"
EndProject
Project("{FAE04EC0-301F-11D3-BF4B-00C04F79EFBC}") = "Game", "Simulation.Client\godot-client\Game.csproj", "{1579C5B1-C3A5-4F96-A053-E7B0C3827CC5}"
EndProject
Global
	GlobalSection(SolutionConfigurationPlatforms) = preSolution
		Debug|Any CPU = Debug|Any CPU
		Release|Any CPU = Release|Any CPU
	EndGlobalSection
	GlobalSection(ProjectConfigurationPlatforms) = postSolution
		{D7284F42-833A-4145-BCD2-7D694EFC69DE}.Debug|Any CPU.ActiveCfg = Debug|Any CPU
		{D7284F42-833A-4145-BCD2-7D694EFC69DE}.Debug|Any CPU.Build.0 = Debug|Any CPU
		{D7284F42-833A-4145-BCD2-7D694EFC69DE}.Release|Any CPU.ActiveCfg = Release|Any CPU
		{D7284F42-833A-4145-BCD2-7D694EFC69DE}.Release|Any CPU.Build.0 = Release|Any CPU
		{F0285B1A-87AA-40E0-99A7-D2521E994D32}.Debug|Any CPU.ActiveCfg = Debug|Any CPU
		{F0285B1A-87AA-40E0-99A7-D2521E994D32}.Debug|Any CPU.Build.0 = Debug|Any CPU
		{F0285B1A-87AA-40E0-99A7-D2521E994D32}.Release|Any CPU.ActiveCfg = Release|Any CPU
		{F0285B1A-87AA-40E0-99A7-D2521E994D32}.Release|Any CPU.Build.0 = Release|Any CPU
		{C5B188A3-2099-4BE1-A03D-6D4F3A0C3512}.Debug|Any CPU.ActiveCfg = Debug|Any CPU
		{C5B188A3-2099-4BE1-A03D-6D4F3A0C3512}.Debug|Any CPU.Build.0 = Debug|Any CPU
		{C5B188A3-2099-4BE1-A03D-6D4F3A0C3512}.Release|Any CPU.ActiveCfg = Release|Any CPU
		{C5B188A3-2099-4BE1-A03D-6D4F3A0C3512}.Release|Any CPU.Build.0 = Release|Any CPU
		{8568C636-F5FB-4AD6-BE0F-CB2D3E64A5CC}.Debug|Any CPU.ActiveCfg = Debug|Any CPU
		{8568C636-F5FB-4AD6-BE0F-CB2D3E64A5CC}.Debug|Any CPU.Build.0 = Debug|Any CPU
		{8568C636-F5FB-4AD6-BE0F-CB2D3E64A5CC}.Release|Any CPU.ActiveCfg = Release|Any CPU
		{8568C636-F5FB-4AD6-BE0F-CB2D3E64A5CC}.Release|Any CPU.Build.0 = Release|Any CPU
		{B160BB69-BDA8-40DD-BD2D-CADDABE10288}.Debug|Any CPU.ActiveCfg = Debug|Any CPU
		{B160BB69-BDA8-40DD-BD2D-CADDABE10288}.Debug|Any CPU.Build.0 = Debug|Any CPU
		{B160BB69-BDA8-40DD-BD2D-CADDABE10288}.Release|Any CPU.ActiveCfg = Release|Any CPU
		{B160BB69-BDA8-40DD-BD2D-CADDABE10288}.Release|Any CPU.Build.0 = Release|Any CPU
		{A2ED87C9-BB6F-442F-9CBA-D13B6CBC8F5A}.Debug|Any CPU.ActiveCfg = Debug|Any CPU
		{A2ED87C9-BB6F-442F-9CBA-D13B6CBC8F5A}.Debug|Any CPU.Build.0 = Debug|Any CPU
		{A2ED87C9-BB6F-442F-9CBA-D13B6CBC8F5A}.Release|Any CPU.ActiveCfg = Release|Any CPU
		{A2ED87C9-BB6F-442F-9CBA-D13B6CBC8F5A}.Release|Any CPU.Build.0 = Release|Any CPU
		{EE0F000A-E058-43B3-847B-37E8130EF737}.Debug|Any CPU.ActiveCfg = Debug|Any CPU
		{EE0F000A-E058-43B3-847B-37E8130EF737}.Debug|Any CPU.Build.0 = Debug|Any CPU
		{EE0F000A-E058-43B3-847B-37E8130EF737}.Release|Any CPU.ActiveCfg = Release|Any CPU
		{EE0F000A-E058-43B3-847B-37E8130EF737}.Release|Any CPU.Build.0 = Release|Any CPU
		{BD6219BA-FBB4-4FB1-9036-DDE0D0F3E1F9}.Debug|Any CPU.ActiveCfg = Debug|Any CPU
		{BD6219BA-FBB4-4FB1-9036-DDE0D0F3E1F9}.Debug|Any CPU.Build.0 = Debug|Any CPU
		{BD6219BA-FBB4-4FB1-9036-DDE0D0F3E1F9}.Release|Any CPU.ActiveCfg = Release|Any CPU
		{BD6219BA-FBB4-4FB1-9036-DDE0D0F3E1F9}.Release|Any CPU.Build.0 = Release|Any CPU
		{CE1A71B7-951A-45A3-8E23-C552CE5D1B1C}.Debug|Any CPU.ActiveCfg = Debug|Any CPU
		{CE1A71B7-951A-45A3-8E23-C552CE5D1B1C}.Debug|Any CPU.Build.0 = Debug|Any CPU
		{CE1A71B7-951A-45A3-8E23-C552CE5D1B1C}.Release|Any CPU.ActiveCfg = Release|Any CPU
		{CE1A71B7-951A-45A3-8E23-C552CE5D1B1C}.Release|Any CPU.Build.0 = Release|Any CPU
		{CF383872-EC1B-47AC-90DE-EA972499C9B8}.Debug|Any CPU.ActiveCfg = Debug|Any CPU
		{CF383872-EC1B-47AC-90DE-EA972499C9B8}.Debug|Any CPU.Build.0 = Debug|Any CPU
		{CF383872-EC1B-47AC-90DE-EA972499C9B8}.Release|Any CPU.ActiveCfg = Release|Any CPU
		{CF383872-EC1B-47AC-90DE-EA972499C9B8}.Release|Any CPU.Build.0 = Release|Any CPU
		{099E8650-EA19-4D65-8C70-5A9332B1CBA7}.Debug|Any CPU.ActiveCfg = Debug|Any CPU
		{099E8650-EA19-4D65-8C70-5A9332B1CBA7}.Debug|Any CPU.Build.0 = Debug|Any CPU
		{099E8650-EA19-4D65-8C70-5A9332B1CBA7}.Release|Any CPU.ActiveCfg = Release|Any CPU
		{099E8650-EA19-4D65-8C70-5A9332B1CBA7}.Release|Any CPU.Build.0 = Release|Any CPU
		{1579C5B1-C3A5-4F96-A053-E7B0C3827CC5}.Debug|Any CPU.ActiveCfg = Debug|Any CPU
		{1579C5B1-C3A5-4F96-A053-E7B0C3827CC5}.Debug|Any CPU.Build.0 = Debug|Any CPU
		{1579C5B1-C3A5-4F96-A053-E7B0C3827CC5}.Release|Any CPU.ActiveCfg = Debug|Any CPU
		{1579C5B1-C3A5-4F96-A053-E7B0C3827CC5}.Release|Any CPU.Build.0 = Debug|Any CPU
	EndGlobalSection
	GlobalSection(SolutionProperties) = preSolution
		HideSolutionNode = FALSE
	EndGlobalSection
	GlobalSection(NestedProjects) = preSolution
		{A2ED87C9-BB6F-442F-9CBA-D13B6CBC8F5A} = {62AB585C-E5C5-4683-B477-96A9ABD9359B}
		{EE0F000A-E058-43B3-847B-37E8130EF737} = {62AB585C-E5C5-4683-B477-96A9ABD9359B}
		{BD6219BA-FBB4-4FB1-9036-DDE0D0F3E1F9} = {62AB585C-E5C5-4683-B477-96A9ABD9359B}
		{099E8650-EA19-4D65-8C70-5A9332B1CBA7} = {62AB585C-E5C5-4683-B477-96A9ABD9359B}
		{C5B188A3-2099-4BE1-A03D-6D4F3A0C3512} = {E45E1D80-3EBC-4EDE-A826-66917EEF9EF9}
		{8568C636-F5FB-4AD6-BE0F-CB2D3E64A5CC} = {ADA9B5CA-9B9B-415B-994A-6F8AB57B3862}
		{B160BB69-BDA8-40DD-BD2D-CADDABE10288} = {ADA9B5CA-9B9B-415B-994A-6F8AB57B3862}
		{D7284F42-833A-4145-BCD2-7D694EFC69DE} = {ADA9B5CA-9B9B-415B-994A-6F8AB57B3862}
		{CF383872-EC1B-47AC-90DE-EA972499C9B8} = {ADA9B5CA-9B9B-415B-994A-6F8AB57B3862}
		{F0285B1A-87AA-40E0-99A7-D2521E994D32} = {62AB585C-E5C5-4683-B477-96A9ABD9359B}
	EndGlobalSection
EndGlobal
